
Microsoft Visual Studio Solution File, Format Version 12.00
# Visual Studio 15
VisualStudioVersion = 15.0.26730.16
MinimumVisualStudioVersion = 10.0.40219.1
Project("{FAE04EC0-301F-11D3-BF4B-00C04F79EFBC}") = "GeldarTrading", "GeldarTrading\GeldarTrading.csproj", "{5B88B9D0-C753-4B4C-A319-B909E0A2848D}"
EndProject
Global
	GlobalSection(SolutionConfigurationPlatforms) = preSolution
		Debug|Any CPU = Debug|Any CPU
		Release|Any CPU = Release|Any CPU
	EndGlobalSection
	GlobalSection(ProjectConfigurationPlatforms) = postSolution
		{5B88B9D0-C753-4B4C-A319-B909E0A2848D}.Debug|Any CPU.ActiveCfg = Debug|Any CPU
		{5B88B9D0-C753-4B4C-A319-B909E0A2848D}.Debug|Any CPU.Build.0 = Debug|Any CPU
		{5B88B9D0-C753-4B4C-A319-B909E0A2848D}.Release|Any CPU.ActiveCfg = Release|Any CPU
		{5B88B9D0-C753-4B4C-A319-B909E0A2848D}.Release|Any CPU.Build.0 = Release|Any CPU
	EndGlobalSection
	GlobalSection(SolutionProperties) = preSolution
		HideSolutionNode = FALSE
	EndGlobalSection
	GlobalSection(ExtensibilityGlobals) = postSolution
		SolutionGuid = {7D3FA051-DBC0-4CF2-A364-E4FC6AE16F4F}
	EndGlobalSection
EndGlobal
